// !$*UTF8*$!
{
	archiveVersion = 1;
	classes = {
	};
	objectVersion = 46;
	objects = {

/* Begin PBXBuildFile section */
		1C1B93A11CD6B403007B0F0E /* main.m in Sources */ = {isa = PBXBuildFile; fileRef = 1C1B93A01CD6B403007B0F0E /* main.m */; };
		1C1B93A41CD6B403007B0F0E /* AppDelegate.m in Sources */ = {isa = PBXBuildFile; fileRef = 1C1B93A31CD6B403007B0F0E /* AppDelegate.m */; };
		1C1B93AA1CD6B403007B0F0E /* Main.storyboard in Resources */ = {isa = PBXBuildFile; fileRef = 1C1B93A81CD6B403007B0F0E /* Main.storyboard */; };
		1C1B93AD1CD6B403007B0F0E /* CoreDataObjectiveC.xcdatamodeld in Sources */ = {isa = PBXBuildFile; fileRef = 1C1B93AB1CD6B403007B0F0E /* CoreDataObjectiveC.xcdatamodeld */; };
		1C1B93AF1CD6B403007B0F0E /* Assets.xcassets in Resources */ = {isa = PBXBuildFile; fileRef = 1C1B93AE1CD6B403007B0F0E /* Assets.xcassets */; };
		1C1B93B21CD6B403007B0F0E /* LaunchScreen.storyboard in Resources */ = {isa = PBXBuildFile; fileRef = 1C1B93B01CD6B403007B0F0E /* LaunchScreen.storyboard */; };
		1C1B93BB1CD6B5E3007B0F0E /* CoreDataStack.m in Sources */ = {isa = PBXBuildFile; fileRef = 1C1B93BA1CD6B5E3007B0F0E /* CoreDataStack.m */; };
		1C1B93C01CD6B793007B0F0E /* MainViewController.m in Sources */ = {isa = PBXBuildFile; fileRef = 1C1B93BF1CD6B793007B0F0E /* MainViewController.m */; };
		1C1B93CC1CD6BB62007B0F0E /* Person+CoreDataProperties.m in Sources */ = {isa = PBXBuildFile; fileRef = 1C1B93C91CD6BB62007B0F0E /* Person+CoreDataProperties.m */; };
		1C1B93CD1CD6BB62007B0F0E /* Person.m in Sources */ = {isa = PBXBuildFile; fileRef = 1C1B93CB1CD6BB62007B0F0E /* Person.m */; };
		1C1B93D01CD6BED6007B0F0E /* PersonDetailTableViewController.m in Sources */ = {isa = PBXBuildFile; fileRef = 1C1B93CF1CD6BED6007B0F0E /* PersonDetailTableViewController.m */; };
/* End PBXBuildFile section */

/* Begin PBXFileReference section */
		1C1B939C1CD6B403007B0F0E /* CoreDataObjectiveC.app */ = {isa = PBXFileReference; explicitFileType = wrapper.application; includeInIndex = 0; path = CoreDataObjectiveC.app; sourceTree = BUILT_PRODUCTS_DIR; };
		1C1B93A01CD6B403007B0F0E /* main.m */ = {isa = PBXFileReference; lastKnownFileType = sourcecode.c.objc; path = main.m; sourceTree = "<group>"; };
		1C1B93A21CD6B403007B0F0E /* AppDelegate.h */ = {isa = PBXFileReference; lastKnownFileType = sourcecode.c.h; path = AppDelegate.h; sourceTree = "<group>"; };
		1C1B93A31CD6B403007B0F0E /* AppDelegate.m */ = {isa = PBXFileReference; lastKnownFileType = sourcecode.c.objc; path = AppDelegate.m; sourceTree = "<group>"; };
		1C1B93A91CD6B403007B0F0E /* Base */ = {isa = PBXFileReference; lastKnownFileType = file.storyboard; name = Base; path = Base.lproj/Main.storyboard; sourceTree = "<group>"; };
		1C1B93AC1CD6B403007B0F0E /* CoreDataObjectiveC.xcdatamodel */ = {isa = PBXFileReference; lastKnownFileType = wrapper.xcdatamodel; path = CoreDataObjectiveC.xcdatamodel; sourceTree = "<group>"; };
		1C1B93AE1CD6B403007B0F0E /* Assets.xcassets */ = {isa = PBXFileReference; lastKnownFileType = folder.assetcatalog; path = Assets.xcassets; sourceTree = "<group>"; };
		1C1B93B11CD6B403007B0F0E /* Base */ = {isa = PBXFileReference; lastKnownFileType = file.storyboard; name = Base; path = Base.lproj/LaunchScreen.storyboard; sourceTree = "<group>"; };
		1C1B93B31CD6B403007B0F0E /* Info.plist */ = {isa = PBXFileReference; lastKnownFileType = text.plist.xml; path = Info.plist; sourceTree = "<group>"; };
		1C1B93B91CD6B5E3007B0F0E /* CoreDataStack.h */ = {isa = PBXFileReference; fileEncoding = 4; lastKnownFileType = sourcecode.c.h; path = CoreDataStack.h; sourceTree = "<group>"; };
		1C1B93BA1CD6B5E3007B0F0E /* CoreDataStack.m */ = {isa = PBXFileReference; fileEncoding = 4; lastKnownFileType = sourcecode.c.objc; path = CoreDataStack.m; sourceTree = "<group>"; };
		1C1B93BE1CD6B793007B0F0E /* MainViewController.h */ = {isa = PBXFileReference; fileEncoding = 4; lastKnownFileType = sourcecode.c.h; path = MainViewController.h; sourceTree = "<group>"; };
		1C1B93BF1CD6B793007B0F0E /* MainViewController.m */ = {isa = PBXFileReference; fileEncoding = 4; lastKnownFileType = sourcecode.c.objc; path = MainViewController.m; sourceTree = "<group>"; };
		1C1B93C81CD6BB62007B0F0E /* Person+CoreDataProperties.h */ = {isa = PBXFileReference; fileEncoding = 4; lastKnownFileType = sourcecode.c.h; path = "Person+CoreDataProperties.h"; sourceTree = "<group>"; };
		1C1B93C91CD6BB62007B0F0E /* Person+CoreDataProperties.m */ = {isa = PBXFileReference; fileEncoding = 4; lastKnownFileType = sourcecode.c.objc; path = "Person+CoreDataProperties.m"; sourceTree = "<group>"; };
		1C1B93CA1CD6BB62007B0F0E /* Person.h */ = {isa = PBXFileReference; fileEncoding = 4; lastKnownFileType = sourcecode.c.h; path = Person.h; sourceTree = "<group>"; };
		1C1B93CB1CD6BB62007B0F0E /* Person.m */ = {isa = PBXFileReference; fileEncoding = 4; lastKnownFileType = sourcecode.c.objc; path = Person.m; sourceTree = "<group>"; };
		1C1B93CE1CD6BED6007B0F0E /* PersonDetailTableViewController.h */ = {isa = PBXFileReference; fileEncoding = 4; lastKnownFileType = sourcecode.c.h; path = PersonDetailTableViewController.h; sourceTree = "<group>"; };
		1C1B93CF1CD6BED6007B0F0E /* PersonDetailTableViewController.m */ = {isa = PBXFileReference; fileEncoding = 4; lastKnownFileType = sourcecode.c.objc; path = PersonDetailTableViewController.m; sourceTree = "<group>"; };
/* End PBXFileReference section */

/* Begin PBXFrameworksBuildPhase section */
		1C1B93991CD6B403007B0F0E /* Frameworks */ = {
			isa = PBXFrameworksBuildPhase;
			buildActionMask = 2147483647;
			files = (
			);
			runOnlyForDeploymentPostprocessing = 0;
		};
/* End PBXFrameworksBuildPhase section */

/* Begin PBXGroup section */
		1C1B93931CD6B403007B0F0E = {
			isa = PBXGroup;
			children = (
				1C1B939E1CD6B403007B0F0E /* CoreDataObjectiveC */,
				1C1B939D1CD6B403007B0F0E /* Products */,
			);
			sourceTree = "<group>";
		};
		1C1B939D1CD6B403007B0F0E /* Products */ = {
			isa = PBXGroup;
			children = (
				1C1B939C1CD6B403007B0F0E /* CoreDataObjectiveC.app */,
			);
			name = Products;
			sourceTree = "<group>";
		};
		1C1B939E1CD6B403007B0F0E /* CoreDataObjectiveC */ = {
			isa = PBXGroup;
			children = (
				1C1B93C71CD6BB4D007B0F0E /* Models */,
				1C1B93BD1CD6B75A007B0F0E /* ViewControllers */,
				1C1B93BC1CD6B5ED007B0F0E /* CoreDataStack */,
				1C1B93A21CD6B403007B0F0E /* AppDelegate.h */,
				1C1B93A31CD6B403007B0F0E /* AppDelegate.m */,
				1C1B93A81CD6B403007B0F0E /* Main.storyboard */,
				1C1B93AE1CD6B403007B0F0E /* Assets.xcassets */,
				1C1B93B01CD6B403007B0F0E /* LaunchScreen.storyboard */,
				1C1B93B31CD6B403007B0F0E /* Info.plist */,
				1C1B93AB1CD6B403007B0F0E /* CoreDataObjectiveC.xcdatamodeld */,
				1C1B939F1CD6B403007B0F0E /* Supporting Files */,
			);
			path = CoreDataObjectiveC;
			sourceTree = "<group>";
		};
		1C1B939F1CD6B403007B0F0E /* Supporting Files */ = {
			isa = PBXGroup;
			children = (
				1C1B93A01CD6B403007B0F0E /* main.m */,
			);
			name = "Supporting Files";
			sourceTree = "<group>";
		};
		1C1B93BC1CD6B5ED007B0F0E /* CoreDataStack */ = {
			isa = PBXGroup;
			children = (
				1C1B93B91CD6B5E3007B0F0E /* CoreDataStack.h */,
				1C1B93BA1CD6B5E3007B0F0E /* CoreDataStack.m */,
			);
			name = CoreDataStack;
			sourceTree = "<group>";
		};
		1C1B93BD1CD6B75A007B0F0E /* ViewControllers */ = {
			isa = PBXGroup;
			children = (
				1C1B93BE1CD6B793007B0F0E /* MainViewController.h */,
				1C1B93BF1CD6B793007B0F0E /* MainViewController.m */,
				1C1B93CE1CD6BED6007B0F0E /* PersonDetailTableViewController.h */,
				1C1B93CF1CD6BED6007B0F0E /* PersonDetailTableViewController.m */,
			);
			name = ViewControllers;
			sourceTree = "<group>";
		};
		1C1B93C71CD6BB4D007B0F0E /* Models */ = {
			isa = PBXGroup;
			children = (
				1C1B93C81CD6BB62007B0F0E /* Person+CoreDataProperties.h */,
				1C1B93C91CD6BB62007B0F0E /* Person+CoreDataProperties.m */,
				1C1B93CA1CD6BB62007B0F0E /* Person.h */,
				1C1B93CB1CD6BB62007B0F0E /* Person.m */,
			);
			name = Models;
			sourceTree = "<group>";
		};
/* End PBXGroup section */

/* Begin PBXNativeTarget section */
		1C1B939B1CD6B403007B0F0E /* CoreDataObjectiveC */ = {
			isa = PBXNativeTarget;
			buildConfigurationList = 1C1B93B61CD6B403007B0F0E /* Build configuration list for PBXNativeTarget "CoreDataObjectiveC" */;
			buildPhases = (
				1C1B93981CD6B403007B0F0E /* Sources */,
				1C1B93991CD6B403007B0F0E /* Frameworks */,
				1C1B939A1CD6B403007B0F0E /* Resources */,
			);
			buildRules = (
			);
			dependencies = (
			);
			name = CoreDataObjectiveC;
			productName = CoreDataObjectiveC;
			productReference = 1C1B939C1CD6B403007B0F0E /* CoreDataObjectiveC.app */;
			productType = "com.apple.product-type.application";
		};
/* End PBXNativeTarget section */

/* Begin PBXProject section */
		1C1B93941CD6B403007B0F0E /* Project object */ = {
			isa = PBXProject;
			attributes = {
				LastUpgradeCheck = 0730;
				ORGANIZATIONNAME = VKS;
				TargetAttributes = {
					1C1B939B1CD6B403007B0F0E = {
						CreatedOnToolsVersion = 7.3;
					};
				};
			};
			buildConfigurationList = 1C1B93971CD6B403007B0F0E /* Build configuration list for PBXProject "CoreDataObjectiveC" */;
			compatibilityVersion = "Xcode 3.2";
			developmentRegion = English;
			hasScannedForEncodings = 0;
			knownRegions = (
				en,
				Base,
			);
			mainGroup = 1C1B93931CD6B403007B0F0E;
			productRefGroup = 1C1B939D1CD6B403007B0F0E /* Products */;
			projectDirPath = "";
			projectRoot = "";
			targets = (
				1C1B939B1CD6B403007B0F0E /* CoreDataObjectiveC */,
			);
		};
/* End PBXProject section */

/* Begin PBXResourcesBuildPhase section */
		1C1B939A1CD6B403007B0F0E /* Resources */ = {
			isa = PBXResourcesBuildPhase;
			buildActionMask = 2147483647;
			files = (
				1C1B93B21CD6B403007B0F0E /* LaunchScreen.storyboard in Resources */,
				1C1B93AF1CD6B403007B0F0E /* Assets.xcassets in Resources */,
				1C1B93AA1CD6B403007B0F0E /* Main.storyboard in Resources */,
			);
			runOnlyForDeploymentPostprocessing = 0;
		};
/* End PBXResourcesBuildPhase section */

/* Begin PBXSourcesBuildPhase section */
		1C1B93981CD6B403007B0F0E /* Sources */ = {
			isa = PBXSourcesBuildPhase;
			buildActionMask = 2147483647;
			files = (
				1C1B93BB1CD6B5E3007B0F0E /* CoreDataStack.m in Sources */,
				1C1B93AD1CD6B403007B0F0E /* CoreDataObjectiveC.xcdatamodeld in Sources */,
				1C1B93CD1CD6BB62007B0F0E /* Person.m in Sources */,
				1C1B93A41CD6B403007B0F0E /* AppDelegate.m in Sources */,
				1C1B93C01CD6B793007B0F0E /* MainViewController.m in Sources */,
				1C1B93CC1CD6BB62007B0F0E /* Person+CoreDataProperties.m in Sources */,
				1C1B93A11CD6B403007B0F0E /* main.m in Sources */,
				1C1B93D01CD6BED6007B0F0E /* PersonDetailTableViewController.m in Sources */,
			);
			runOnlyForDeploymentPostprocessing = 0;
		};
/* End PBXSourcesBuildPhase section */

/* Begin PBXVariantGroup section */
		1C1B93A81CD6B403007B0F0E /* Main.storyboard */ = {
			isa = PBXVariantGroup;
			children = (
				1C1B93A91CD6B403007B0F0E /* Base */,
			);
			name = Main.storyboard;
			sourceTree = "<group>";
		};
		1C1B93B01CD6B403007B0F0E /* LaunchScreen.storyboard */ = {
			isa = PBXVariantGroup;
			children = (
				1C1B93B11CD6B403007B0F0E /* Base */,
			);
			name = LaunchScreen.storyboard;
			sourceTree = "<group>";
		};
/* End PBXVariantGroup section */

/* Begin XCBuildConfiguration section */
		1C1B93B41CD6B403007B0F0E /* Debug */ = {
			isa = XCBuildConfiguration;
			buildSettings = {
				ALWAYS_SEARCH_USER_PATHS = NO;
				CLANG_ANALYZER_NONNULL = YES;
				CLANG_CXX_LANGUAGE_STANDARD = "gnu++0x";
				CLANG_CXX_LIBRARY = "libc++";
				CLANG_ENABLE_MODULES = YES;
				CLANG_ENABLE_OBJC_ARC = YES;
				CLANG_WARN_BOOL_CONVERSION = YES;
				CLANG_WARN_CONSTANT_CONVERSION = YES;
				CLANG_WARN_DIRECT_OBJC_ISA_USAGE = YES_ERROR;
				CLANG_WARN_EMPTY_BODY = YES;
				CLANG_WARN_ENUM_CONVERSION = YES;
				CLANG_WARN_INT_CONVERSION = YES;
				CLANG_WARN_OBJC_ROOT_CLASS = YES_ERROR;
				CLANG_WARN_UNREACHABLE_CODE = YES;
				CLANG_WARN__DUPLICATE_METHOD_MATCH = YES;
				"CODE_SIGN_IDENTITY[sdk=iphoneos*]" = "iPhone Developer";
				COPY_PHASE_STRIP = NO;
				DEBUG_INFORMATION_FORMAT = dwarf;
				ENABLE_STRICT_OBJC_MSGSEND = YES;
				ENABLE_TESTABILITY = YES;
				GCC_C_LANGUAGE_STANDARD = gnu99;
				GCC_DYNAMIC_NO_PIC = NO;
				GCC_NO_COMMON_BLOCKS = YES;
				GCC_OPTIMIZATION_LEVEL = 0;
				GCC_PREPROCESSOR_DEFINITIONS = (
					"DEBUG=1",
					"$(inherited)",
				);
				GCC_WARN_64_TO_32_BIT_CONVERSION = YES;
				GCC_WARN_ABOUT_RETURN_TYPE = YES_ERROR;
				GCC_WARN_UNDECLARED_SELECTOR = YES;
				GCC_WARN_UNINITIALIZED_AUTOS = YES_AGGRESSIVE;
				GCC_WARN_UNUSED_FUNCTION = YES;
				GCC_WARN_UNUSED_VARIABLE = YES;
				IPHONEOS_DEPLOYMENT_TARGET = 9.3;
				MTL_ENABLE_DEBUG_INFO = YES;
				ONLY_ACTIVE_ARCH = YES;
				SDKROOT = iphoneos;
				TARGETED_DEVICE_FAMILY = "1,2";
			};
			name = Debug;
		};
		1C1B93B51CD6B403007B0F0E /* Release */ = {
			isa = XCBuildConfiguration;
			buildSettings = {
				ALWAYS_SEARCH_USER_PATHS = NO;
				CLANG_ANALYZER_NONNULL = YES;
				CLANG_CXX_LANGUAGE_STANDARD = "gnu++0x";
				CLANG_CXX_LIBRARY = "libc++";
				CLANG_ENABLE_MODULES = YES;
				CLANG_ENABLE_OBJC_ARC = YES;
				CLANG_WARN_BOOL_CONVERSION = YES;
				CLANG_WARN_CONSTANT_CONVERSION = YES;
				CLANG_WARN_DIRECT_OBJC_ISA_USAGE = YES_ERROR;
				CLANG_WARN_EMPTY_BODY = YES;
				CLANG_WARN_ENUM_CONVERSION = YES;
				CLANG_WARN_INT_CONVERSION = YES;
				CLANG_WARN_OBJC_ROOT_CLASS = YES_ERROR;
				CLANG_WARN_UNREACHABLE_CODE = YES;
				CLANG_WARN__DUPLICATE_METHOD_MATCH = YES;
				"CODE_SIGN_IDENTITY[sdk=iphoneos*]" = "iPhone Developer";
				COPY_PHASE_STRIP = NO;
				DEBUG_INFORMATION_FORMAT = "dwarf-with-dsym";
				ENABLE_NS_ASSERTIONS = NO;
				ENABLE_STRICT_OBJC_MSGSEND = YES;
				GCC_C_LANGUAGE_STANDARD = gnu99;
				GCC_NO_COMMON_BLOCKS = YES;
				GCC_WARN_64_TO_32_BIT_CONVERSION = YES;
				GCC_WARN_ABOUT_RETURN_TYPE = YES_ERROR;
				GCC_WARN_UNDECLARED_SELECTOR = YES;
				GCC_WARN_UNINITIALIZED_AUTOS = YES_AGGRESSIVE;
				GCC_WARN_UNUSED_FUNCTION = YES;
				GCC_WARN_UNUSED_VARIABLE = YES;
				IPHONEOS_DEPLOYMENT_TARGET = 9.3;
				MTL_ENABLE_DEBUG_INFO = NO;
				SDKROOT = iphoneos;
				TARGETED_DEVICE_FAMILY = "1,2";
				VALIDATE_PRODUCT = YES;
			};
			name = Release;
		};
		1C1B93B71CD6B403007B0F0E /* Debug */ = {
			isa = XCBuildConfiguration;
			buildSettings = {
				ASSETCATALOG_COMPILER_APPICON_NAME = AppIcon;
				INFOPLIST_FILE = CoreDataObjectiveC/Info.plist;
				LD_RUNPATH_SEARCH_PATHS = "$(inherited) @executable_path/Frameworks";
				PRODUCT_BUNDLE_IDENTIFIER = sureddy.CoreDataObjectiveC;
				PRODUCT_NAME = "$(TARGET_NAME)";
			};
			name = Debug;
		};
		1C1B93B81CD6B403007B0F0E /* Release */ = {
			isa = XCBuildConfiguration;
			buildSettings = {
				ASSETCATALOG_COMPILER_APPICON_NAME = AppIcon;
				INFOPLIST_FILE = CoreDataObjectiveC/Info.plist;
				LD_RUNPATH_SEARCH_PATHS = "$(inherited) @executable_path/Frameworks";
				PRODUCT_BUNDLE_IDENTIFIER = sureddy.CoreDataObjectiveC;
				PRODUCT_NAME = "$(TARGET_NAME)";
			};
			name = Release;
		};
/* End XCBuildConfiguration section */

/* Begin XCConfigurationList section */
		1C1B93971CD6B403007B0F0E /* Build configuration list for PBXProject "CoreDataObjectiveC" */ = {
			isa = XCConfigurationList;
			buildConfigurations = (
				1C1B93B41CD6B403007B0F0E /* Debug */,
				1C1B93B51CD6B403007B0F0E /* Release */,
			);
			defaultConfigurationIsVisible = 0;
			defaultConfigurationName = Release;
		};
		1C1B93B61CD6B403007B0F0E /* Build configuration list for PBXNativeTarget "CoreDataObjectiveC" */ = {
			isa = XCConfigurationList;
			buildConfigurations = (
				1C1B93B71CD6B403007B0F0E /* Debug */,
				1C1B93B81CD6B403007B0F0E /* Release */,
			);
			defaultConfigurationIsVisible = 0;
		};
/* End XCConfigurationList section */

/* Begin XCVersionGroup section */
		1C1B93AB1CD6B403007B0F0E /* CoreDataObjectiveC.xcdatamodeld */ = {
			isa = XCVersionGroup;
			children = (
				1C1B93AC1CD6B403007B0F0E /* CoreDataObjectiveC.xcdatamodel */,
			);
			currentVersion = 1C1B93AC1CD6B403007B0F0E /* CoreDataObjectiveC.xcdatamodel */;
			path = CoreDataObjectiveC.xcdatamodeld;
			sourceTree = "<group>";
			versionGroupType = wrapper.xcdatamodel;
		};
/* End XCVersionGroup section */
	};
	rootObject = 1C1B93941CD6B403007B0F0E /* Project object */;
}
